// !$*UTF8*$!
{
	archiveVersion = 1;
	classes = {
	};
	objectVersion = 46;
	objects = {

/* Begin PBXBuildFile section */
		0BA6B1C0E08F0C0B0C3D3E95 /* libPods-MLSearchHistory.a in Frameworks */ = {isa = PBXBuildFile; fileRef = DC7103DB3A82A2B5EFABB877 /* libPods-MLSearchHistory.a */; };
		6B58B5E01E25F1BB00FE73C1 /* main.m in Sources */ = {isa = PBXBuildFile; fileRef = 6B58B5DF1E25F1BB00FE73C1 /* main.m */; };
		6B58B5E31E25F1BB00FE73C1 /* AppDelegate.m in Sources */ = {isa = PBXBuildFile; fileRef = 6B58B5E21E25F1BB00FE73C1 /* AppDelegate.m */; };
		6B58B5E61E25F1BB00FE73C1 /* ViewController.m in Sources */ = {isa = PBXBuildFile; fileRef = 6B58B5E51E25F1BB00FE73C1 /* ViewController.m */; };
		6B58B5E91E25F1BB00FE73C1 /* Main.storyboard in Resources */ = {isa = PBXBuildFile; fileRef = 6B58B5E71E25F1BB00FE73C1 /* Main.storyboard */; };
		6B58B5EB1E25F1BB00FE73C1 /* Assets.xcassets in Resources */ = {isa = PBXBuildFile; fileRef = 6B58B5EA1E25F1BB00FE73C1 /* Assets.xcassets */; };
		6B58B5EE1E25F1BB00FE73C1 /* LaunchScreen.storyboard in Resources */ = {isa = PBXBuildFile; fileRef = 6B58B5EC1E25F1BB00FE73C1 /* LaunchScreen.storyboard */; };
		6B58B5FA1E25F1D900FE73C1 /* MLSearchResultsTableViewController.m in Sources */ = {isa = PBXBuildFile; fileRef = 6B58B5F71E25F1D900FE73C1 /* MLSearchResultsTableViewController.m */; };
		6B58B5FB1E25F1D900FE73C1 /* MLSearchViewController.m in Sources */ = {isa = PBXBuildFile; fileRef = 6B58B5F91E25F1D900FE73C1 /* MLSearchViewController.m */; };
/* End PBXBuildFile section */

/* Begin PBXFileReference section */
		6B58B5DB1E25F1BB00FE73C1 /* MLSearchHistory.app */ = {isa = PBXFileReference; explicitFileType = wrapper.application; includeInIndex = 0; path = MLSearchHistory.app; sourceTree = BUILT_PRODUCTS_DIR; };
		6B58B5DF1E25F1BB00FE73C1 /* main.m */ = {isa = PBXFileReference; lastKnownFileType = sourcecode.c.objc; path = main.m; sourceTree = "<group>"; };
		6B58B5E11E25F1BB00FE73C1 /* AppDelegate.h */ = {isa = PBXFileReference; lastKnownFileType = sourcecode.c.h; path = AppDelegate.h; sourceTree = "<group>"; };
		6B58B5E21E25F1BB00FE73C1 /* AppDelegate.m */ = {isa = PBXFileReference; lastKnownFileType = sourcecode.c.objc; path = AppDelegate.m; sourceTree = "<group>"; };
		6B58B5E41E25F1BB00FE73C1 /* ViewController.h */ = {isa = PBXFileReference; lastKnownFileType = sourcecode.c.h; path = ViewController.h; sourceTree = "<group>"; };
		6B58B5E51E25F1BB00FE73C1 /* ViewController.m */ = {isa = PBXFileReference; lastKnownFileType = sourcecode.c.objc; path = ViewController.m; sourceTree = "<group>"; };
		6B58B5E81E25F1BB00FE73C1 /* Base */ = {isa = PBXFileReference; lastKnownFileType = file.storyboard; name = Base; path = Base.lproj/Main.storyboard; sourceTree = "<group>"; };
		6B58B5EA1E25F1BB00FE73C1 /* Assets.xcassets */ = {isa = PBXFileReference; lastKnownFileType = folder.assetcatalog; path = Assets.xcassets; sourceTree = "<group>"; };
		6B58B5ED1E25F1BB00FE73C1 /* Base */ = {isa = PBXFileReference; lastKnownFileType = file.storyboard; name = Base; path = Base.lproj/LaunchScreen.storyboard; sourceTree = "<group>"; };
		6B58B5EF1E25F1BB00FE73C1 /* Info.plist */ = {isa = PBXFileReference; lastKnownFileType = text.plist.xml; path = Info.plist; sourceTree = "<group>"; };
		6B58B5F61E25F1D900FE73C1 /* MLSearchResultsTableViewController.h */ = {isa = PBXFileReference; fileEncoding = 4; lastKnownFileType = sourcecode.c.h; path = MLSearchResultsTableViewController.h; sourceTree = "<group>"; };
		6B58B5F71E25F1D900FE73C1 /* MLSearchResultsTableViewController.m */ = {isa = PBXFileReference; fileEncoding = 4; lastKnownFileType = sourcecode.c.objc; path = MLSearchResultsTableViewController.m; sourceTree = "<group>"; };
		6B58B5F81E25F1D900FE73C1 /* MLSearchViewController.h */ = {isa = PBXFileReference; fileEncoding = 4; lastKnownFileType = sourcecode.c.h; path = MLSearchViewController.h; sourceTree = "<group>"; };
		6B58B5F91E25F1D900FE73C1 /* MLSearchViewController.m */ = {isa = PBXFileReference; fileEncoding = 4; lastKnownFileType = sourcecode.c.objc; path = MLSearchViewController.m; sourceTree = "<group>"; };
		939958C76BB2B5B89805E780 /* Pods-MLSearchHistory.debug.xcconfig */ = {isa = PBXFileReference; includeInIndex = 1; lastKnownFileType = text.xcconfig; name = "Pods-MLSearchHistory.debug.xcconfig"; path = "Pods/Target Support Files/Pods-MLSearchHistory/Pods-MLSearchHistory.debug.xcconfig"; sourceTree = "<group>"; };
		B70B50719907E9563288A308 /* Pods-MLSearchHistory.release.xcconfig */ = {isa = PBXFileReference; includeInIndex = 1; lastKnownFileType = text.xcconfig; name = "Pods-MLSearchHistory.release.xcconfig"; path = "Pods/Target Support Files/Pods-MLSearchHistory/Pods-MLSearchHistory.release.xcconfig"; sourceTree = "<group>"; };
		DC7103DB3A82A2B5EFABB877 /* libPods-MLSearchHistory.a */ = {isa = PBXFileReference; explicitFileType = archive.ar; includeInIndex = 0; path = "libPods-MLSearchHistory.a"; sourceTree = BUILT_PRODUCTS_DIR; };
/* End PBXFileReference section */

/* Begin PBXFrameworksBuildPhase section */
		6B58B5D81E25F1BB00FE73C1 /* Frameworks */ = {
			isa = PBXFrameworksBuildPhase;
			buildActionMask = 2147483647;
			files = (
				0BA6B1C0E08F0C0B0C3D3E95 /* libPods-MLSearchHistory.a in Frameworks */,
			);
			runOnlyForDeploymentPostprocessing = 0;
		};
/* End PBXFrameworksBuildPhase section */

/* Begin PBXGroup section */
		6B58B5D21E25F1BB00FE73C1 = {
			isa = PBXGroup;
			children = (
				6B58B5DD1E25F1BB00FE73C1 /* MLSearchHistory */,
				6B58B5DC1E25F1BB00FE73C1 /* Products */,
				FE9F5556D1FA4D5D26B82692 /* Pods */,
				DE21260A5C60819A399F0589 /* Frameworks */,
			);
			sourceTree = "<group>";
		};
		6B58B5DC1E25F1BB00FE73C1 /* Products */ = {
			isa = PBXGroup;
			children = (
				6B58B5DB1E25F1BB00FE73C1 /* MLSearchHistory.app */,
			);
			name = Products;
			sourceTree = "<group>";
		};
		6B58B5DD1E25F1BB00FE73C1 /* MLSearchHistory */ = {
			isa = PBXGroup;
			children = (
				6B58B5F51E25F1D900FE73C1 /* SearchController */,
				6B58B5E11E25F1BB00FE73C1 /* AppDelegate.h */,
				6B58B5E21E25F1BB00FE73C1 /* AppDelegate.m */,
				6B58B5E41E25F1BB00FE73C1 /* ViewController.h */,
				6B58B5E51E25F1BB00FE73C1 /* ViewController.m */,
				6B58B5E71E25F1BB00FE73C1 /* Main.storyboard */,
				6B58B5EA1E25F1BB00FE73C1 /* Assets.xcassets */,
				6B58B5EC1E25F1BB00FE73C1 /* LaunchScreen.storyboard */,
				6B58B5EF1E25F1BB00FE73C1 /* Info.plist */,
				6B58B5DE1E25F1BB00FE73C1 /* Supporting Files */,
			);
			path = MLSearchHistory;
			sourceTree = "<group>";
		};
		6B58B5DE1E25F1BB00FE73C1 /* Supporting Files */ = {
			isa = PBXGroup;
			children = (
				6B58B5DF1E25F1BB00FE73C1 /* main.m */,
			);
			name = "Supporting Files";
			sourceTree = "<group>";
		};
		6B58B5F51E25F1D900FE73C1 /* SearchController */ = {
			isa = PBXGroup;
			children = (
				6B58B5F61E25F1D900FE73C1 /* MLSearchResultsTableViewController.h */,
				6B58B5F71E25F1D900FE73C1 /* MLSearchResultsTableViewController.m */,
				6B58B5F81E25F1D900FE73C1 /* MLSearchViewController.h */,
				6B58B5F91E25F1D900FE73C1 /* MLSearchViewController.m */,
			);
			path = SearchController;
			sourceTree = "<group>";
		};
		DE21260A5C60819A399F0589 /* Frameworks */ = {
			isa = PBXGroup;
			children = (
				DC7103DB3A82A2B5EFABB877 /* libPods-MLSearchHistory.a */,
			);
			name = Frameworks;
			sourceTree = "<group>";
		};
		FE9F5556D1FA4D5D26B82692 /* Pods */ = {
			isa = PBXGroup;
			children = (
				939958C76BB2B5B89805E780 /* Pods-MLSearchHistory.debug.xcconfig */,
				B70B50719907E9563288A308 /* Pods-MLSearchHistory.release.xcconfig */,
			);
			name = Pods;
			sourceTree = "<group>";
		};
/* End PBXGroup section */

/* Begin PBXNativeTarget section */
		6B58B5DA1E25F1BB00FE73C1 /* MLSearchHistory */ = {
			isa = PBXNativeTarget;
			buildConfigurationList = 6B58B5F21E25F1BB00FE73C1 /* Build configuration list for PBXNativeTarget "MLSearchHistory" */;
			buildPhases = (
				371E64AF1A9F311B3D73AD6F /* [CP] Check Pods Manifest.lock */,
				6B58B5D71E25F1BB00FE73C1 /* Sources */,
				6B58B5D81E25F1BB00FE73C1 /* Frameworks */,
				6B58B5D91E25F1BB00FE73C1 /* Resources */,
				91183CB4F3B3253412CD3F0B /* [CP] Embed Pods Frameworks */,
				FDCD7E3609ACFBC89FB9E75C /* [CP] Copy Pods Resources */,
			);
			buildRules = (
			);
			dependencies = (
			);
			name = MLSearchHistory;
			productName = MLSearchHistory;
			productReference = 6B58B5DB1E25F1BB00FE73C1 /* MLSearchHistory.app */;
			productType = "com.apple.product-type.application";
		};
/* End PBXNativeTarget section */

/* Begin PBXProject section */
		6B58B5D31E25F1BB00FE73C1 /* Project object */ = {
			isa = PBXProject;
			attributes = {
				LastUpgradeCheck = 0820;
				ORGANIZATIONNAME = ZhangLizhong;
				TargetAttributes = {
					6B58B5DA1E25F1BB00FE73C1 = {
						CreatedOnToolsVersion = 8.2.1;
						ProvisioningStyle = Automatic;
					};
				};
			};
			buildConfigurationList = 6B58B5D61E25F1BB00FE73C1 /* Build configuration list for PBXProject "MLSearchHistory" */;
			compatibilityVersion = "Xcode 3.2";
			developmentRegion = English;
			hasScannedForEncodings = 0;
			knownRegions = (
				en,
				Base,
			);
			mainGroup = 6B58B5D21E25F1BB00FE73C1;
			productRefGroup = 6B58B5DC1E25F1BB00FE73C1 /* Products */;
			projectDirPath = "";
			projectRoot = "";
			targets = (
				6B58B5DA1E25F1BB00FE73C1 /* MLSearchHistory */,
			);
		};
/* End PBXProject section */

/* Begin PBXResourcesBuildPhase section */
		6B58B5D91E25F1BB00FE73C1 /* Resources */ = {
			isa = PBXResourcesBuildPhase;
			buildActionMask = 2147483647;
			files = (
				6B58B5EE1E25F1BB00FE73C1 /* LaunchScreen.storyboard in Resources */,
				6B58B5EB1E25F1BB00FE73C1 /* Assets.xcassets in Resources */,
				6B58B5E91E25F1BB00FE73C1 /* Main.storyboard in Resources */,
			);
			runOnlyForDeploymentPostprocessing = 0;
		};
/* End PBXResourcesBuildPhase section */

/* Begin PBXShellScriptBuildPhase section */
		371E64AF1A9F311B3D73AD6F /* [CP] Check Pods Manifest.lock */ = {
			isa = PBXShellScriptBuildPhase;
			buildActionMask = 2147483647;
			files = (
			);
			inputPaths = (
			);
			name = "[CP] Check Pods Manifest.lock";
			outputPaths = (
			);
			runOnlyForDeploymentPostprocessing = 0;
			shellPath = /bin/sh;
			shellScript = "diff \"${PODS_ROOT}/../Podfile.lock\" \"${PODS_ROOT}/Manifest.lock\" > /dev/null\nif [ $? != 0 ] ; then\n    # print error to STDERR\n    echo \"error: The sandbox is not in sync with the Podfile.lock. Run 'pod install' or update your CocoaPods installation.\" >&2\n    exit 1\nfi\n";
			showEnvVarsInLog = 0;
		};
		91183CB4F3B3253412CD3F0B /* [CP] Embed Pods Frameworks */ = {
			isa = PBXShellScriptBuildPhase;
			buildActionMask = 2147483647;
			files = (
			);
			inputPaths = (
			);
			name = "[CP] Embed Pods Frameworks";
			outputPaths = (
			);
			runOnlyForDeploymentPostprocessing = 0;
			shellPath = /bin/sh;
			shellScript = "\"${SRCROOT}/Pods/Target Support Files/Pods-MLSearchHistory/Pods-MLSearchHistory-frameworks.sh\"\n";
			showEnvVarsInLog = 0;
		};
		FDCD7E3609ACFBC89FB9E75C /* [CP] Copy Pods Resources */ = {
			isa = PBXShellScriptBuildPhase;
			buildActionMask = 2147483647;
			files = (
			);
			inputPaths = (
			);
			name = "[CP] Copy Pods Resources";
			outputPaths = (
			);
			runOnlyForDeploymentPostprocessing = 0;
			shellPath = /bin/sh;
			shellScript = "\"${SRCROOT}/Pods/Target Support Files/Pods-MLSearchHistory/Pods-MLSearchHistory-resources.sh\"\n";
			showEnvVarsInLog = 0;
		};
/* End PBXShellScriptBuildPhase section */

/* Begin PBXSourcesBuildPhase section */
		6B58B5D71E25F1BB00FE73C1 /* Sources */ = {
			isa = PBXSourcesBuildPhase;
			buildActionMask = 2147483647;
			files = (
				6B58B5E61E25F1BB00FE73C1 /* ViewController.m in Sources */,
				6B58B5FB1E25F1D900FE73C1 /* MLSearchViewController.m in Sources */,
				6B58B5E31E25F1BB00FE73C1 /* AppDelegate.m in Sources */,
				6B58B5E01E25F1BB00FE73C1 /* main.m in Sources */,
				6B58B5FA1E25F1D900FE73C1 /* MLSearchResultsTableViewController.m in Sources */,
			);
			runOnlyForDeploymentPostprocessing = 0;
		};
/* End PBXSourcesBuildPhase section */

/* Begin PBXVariantGroup section */
		6B58B5E71E25F1BB00FE73C1 /* Main.storyboard */ = {
			isa = PBXVariantGroup;
			children = (
				6B58B5E81E25F1BB00FE73C1 /* Base */,
			);
			name = Main.storyboard;
			sourceTree = "<group>";
		};
		6B58B5EC1E25F1BB00FE73C1 /* LaunchScreen.storyboard */ = {
			isa = PBXVariantGroup;
			children = (
				6B58B5ED1E25F1BB00FE73C1 /* Base */,
			);
			name = LaunchScreen.storyboard;
			sourceTree = "<group>";
		};
/* End PBXVariantGroup section */

/* Begin XCBuildConfiguration section */
		6B58B5F01E25F1BB00FE73C1 /* Debug */ = {
			isa = XCBuildConfiguration;
			buildSettings = {
				ALWAYS_SEARCH_USER_PATHS = NO;
				CLANG_ANALYZER_NONNULL = YES;
				CLANG_CXX_LANGUAGE_STANDARD = "gnu++0x";
				CLANG_CXX_LIBRARY = "libc++";
				CLANG_ENABLE_MODULES = YES;
				CLANG_ENABLE_OBJC_ARC = YES;
				CLANG_WARN_BOOL_CONVERSION = YES;
				CLANG_WARN_CONSTANT_CONVERSION = YES;
				CLANG_WARN_DIRECT_OBJC_ISA_USAGE = YES_ERROR;
				CLANG_WARN_DOCUMENTATION_COMMENTS = YES;
				CLANG_WARN_EMPTY_BODY = YES;
				CLANG_WARN_ENUM_CONVERSION = YES;
				CLANG_WARN_INFINITE_RECURSION = YES;
				CLANG_WARN_INT_CONVERSION = YES;
				CLANG_WARN_OBJC_ROOT_CLASS = YES_ERROR;
				CLANG_WARN_SUSPICIOUS_MOVE = YES;
				CLANG_WARN_UNREACHABLE_CODE = YES;
				CLANG_WARN__DUPLICATE_METHOD_MATCH = YES;
				"CODE_SIGN_IDENTITY[sdk=iphoneos*]" = "iPhone Developer";
				COPY_PHASE_STRIP = NO;
				DEBUG_INFORMATION_FORMAT = dwarf;
				ENABLE_STRICT_OBJC_MSGSEND = YES;
				ENABLE_TESTABILITY = YES;
				GCC_C_LANGUAGE_STANDARD = gnu99;
				GCC_DYNAMIC_NO_PIC = NO;
				GCC_NO_COMMON_BLOCKS = YES;
				GCC_OPTIMIZATION_LEVEL = 0;
				GCC_PREPROCESSOR_DEFINITIONS = (
					"DEBUG=1",
					"$(inherited)",
				);
				GCC_WARN_64_TO_32_BIT_CONVERSION = YES;
				GCC_WARN_ABOUT_RETURN_TYPE = YES_ERROR;
				GCC_WARN_UNDECLARED_SELECTOR = YES;
				GCC_WARN_UNINITIALIZED_AUTOS = YES_AGGRESSIVE;
				GCC_WARN_UNUSED_FUNCTION = YES;
				GCC_WARN_UNUSED_VARIABLE = YES;
				IPHONEOS_DEPLOYMENT_TARGET = 10.2;
				MTL_ENABLE_DEBUG_INFO = YES;
				ONLY_ACTIVE_ARCH = YES;
				SDKROOT = iphoneos;
			};
			name = Debug;
		};
		6B58B5F11E25F1BB00FE73C1 /* Release */ = {
			isa = XCBuildConfiguration;
			buildSettings = {
				ALWAYS_SEARCH_USER_PATHS = NO;
				CLANG_ANALYZER_NONNULL = YES;
				CLANG_CXX_LANGUAGE_STANDARD = "gnu++0x";
				CLANG_CXX_LIBRARY = "libc++";
				CLANG_ENABLE_MODULES = YES;
				CLANG_ENABLE_OBJC_ARC = YES;
				CLANG_WARN_BOOL_CONVERSION = YES;
				CLANG_WARN_CONSTANT_CONVERSION = YES;
				CLANG_WARN_DIRECT_OBJC_ISA_USAGE = YES_ERROR;
				CLANG_WARN_DOCUMENTATION_COMMENTS = YES;
				CLANG_WARN_EMPTY_BODY = YES;
				CLANG_WARN_ENUM_CONVERSION = YES;
				CLANG_WARN_INFINITE_RECURSION = YES;
				CLANG_WARN_INT_CONVERSION = YES;
				CLANG_WARN_OBJC_ROOT_CLASS = YES_ERROR;
				CLANG_WARN_SUSPICIOUS_MOVE = YES;
				CLANG_WARN_UNREACHABLE_CODE = YES;
				CLANG_WARN__DUPLICATE_METHOD_MATCH = YES;
				"CODE_SIGN_IDENTITY[sdk=iphoneos*]" = "iPhone Developer";
				COPY_PHASE_STRIP = NO;
				DEBUG_INFORMATION_FORMAT = "dwarf-with-dsym";
				ENABLE_NS_ASSERTIONS = NO;
				ENABLE_STRICT_OBJC_MSGSEND = YES;
				GCC_C_LANGUAGE_STANDARD = gnu99;
				GCC_NO_COMMON_BLOCKS = YES;
				GCC_WARN_64_TO_32_BIT_CONVERSION = YES;
				GCC_WARN_ABOUT_RETURN_TYPE = YES_ERROR;
				GCC_WARN_UNDECLARED_SELECTOR = YES;
				GCC_WARN_UNINITIALIZED_AUTOS = YES_AGGRESSIVE;
				GCC_WARN_UNUSED_FUNCTION = YES;
				GCC_WARN_UNUSED_VARIABLE = YES;
				IPHONEOS_DEPLOYMENT_TARGET = 10.2;
				MTL_ENABLE_DEBUG_INFO = NO;
				SDKROOT = iphoneos;
				VALIDATE_PRODUCT = YES;
			};
			name = Release;
		};
		6B58B5F31E25F1BB00FE73C1 /* Debug */ = {
			isa = XCBuildConfiguration;
			baseConfigurationReference = 939958C76BB2B5B89805E780 /* Pods-MLSearchHistory.debug.xcconfig */;
			buildSettings = {
				ASSETCATALOG_COMPILER_APPICON_NAME = AppIcon;
				INFOPLIST_FILE = MLSearchHistory/Info.plist;
				LD_RUNPATH_SEARCH_PATHS = "$(inherited) @executable_path/Frameworks";
				PRODUCT_BUNDLE_IDENTIFIER = company.MLSearchHistory;
				PRODUCT_NAME = "$(TARGET_NAME)";
			};
			name = Debug;
		};
		6B58B5F41E25F1BB00FE73C1 /* Release */ = {
			isa = XCBuildConfiguration;
			baseConfigurationReference = B70B50719907E9563288A308 /* Pods-MLSearchHistory.release.xcconfig */;
			buildSettings = {
				ASSETCATALOG_COMPILER_APPICON_NAME = AppIcon;
				INFOPLIST_FILE = MLSearchHistory/Info.plist;
				LD_RUNPATH_SEARCH_PATHS = "$(inherited) @executable_path/Frameworks";
				PRODUCT_BUNDLE_IDENTIFIER = company.MLSearchHistory;
				PRODUCT_NAME = "$(TARGET_NAME)";
			};
			name = Release;
		};
/* End XCBuildConfiguration section */

/* Begin XCConfigurationList section */
		6B58B5D61E25F1BB00FE73C1 /* Build configuration list for PBXProject "MLSearchHistory" */ = {
			isa = XCConfigurationList;
			buildConfigurations = (
				6B58B5F01E25F1BB00FE73C1 /* Debug */,
				6B58B5F11E25F1BB00FE73C1 /* Release */,
			);
			defaultConfigurationIsVisible = 0;
			defaultConfigurationName = Release;
		};
		6B58B5F21E25F1BB00FE73C1 /* Build configuration list for PBXNativeTarget "MLSearchHistory" */ = {
			isa = XCConfigurationList;
			buildConfigurations = (
				6B58B5F31E25F1BB00FE73C1 /* Debug */,
				6B58B5F41E25F1BB00FE73C1 /* Release */,
			);
			defaultConfigurationIsVisible = 0;
		};
/* End XCConfigurationList section */
	};
	rootObject = 6B58B5D31E25F1BB00FE73C1 /* Project object */;
}
